Microsoft Visual Studio Solution File, Format Version 12.00
# Visual Studio Version 17
VisualStudioVersion = 17.5.2.0
MinimumVisualStudioVersion = 10.0.40219.1
Project("{2150E333-8FDC-42A3-9474-1A3956D46DE8}") = "Test Scripts", "Test Scripts", "{51D15FED-2DF0-4D01-C81E-F37A53BF943A}"
EndProject
Project("{FAE04EC0-301F-11D3-BF4B-00C04F79EFBC}") = "app", "Test Scripts\app\app.csproj", "{F216DD6E-1337-4768-8491-319EC8D65592}"
EndProject
Global
	GlobalSection(SolutionConfigurationPlatforms) = preSolution
		Debug|Any CPU = Debug|Any CPU
		Release|Any CPU = Release|Any CPU
	EndGlobalSection
	GlobalSection(ProjectConfigurationPlatforms) = postSolution
		{F216DD6E-1337-4768-8491-319EC8D65592}.Debug|Any CPU.ActiveCfg = Debug|Any CPU
		{F216DD6E-1337-4768-8491-319EC8D65592}.Debug|Any CPU.Build.0 = Debug|Any CPU
		{F216DD6E-1337-4768-8491-319EC8D65592}.Release|Any CPU.ActiveCfg = Release|Any CPU
		{F216DD6E-1337-4768-8491-319EC8D65592}.Release|Any CPU.Build.0 = Release|Any CPU
	EndGlobalSection
	GlobalSection(SolutionProperties) = preSolution
		HideSolutionNode = FALSE
	EndGlobalSection
	GlobalSection(NestedProjects) = preSolution
		{F216DD6E-1337-4768-8491-319EC8D65592} = {51D15FED-2DF0-4D01-C81E-F37A53BF943A}
	EndGlobalSection
	GlobalSection(ExtensibilityGlobals) = postSolution
		SolutionGuid = {EC5969B7-F66F-40BF-8698-346FBB43FFF7}
	EndGlobalSection
EndGlobal
